
Microsoft Visual Studio Solution File, Format Version 12.00
# Visual Studio 15
VisualStudioVersion = 15.0.28010.2041
MinimumVisualStudioVersion = 10.0.40219.1
Project("{FAE04EC0-301F-11D3-BF4B-00C04F79EFBC}") = "Goruntu Isleme", "Goruntu Isleme\Goruntu Isleme.csproj", "{DDF1112B-26E5-4989-B5B4-E1C535A94C38}"
EndProject
Global
	GlobalSection(SolutionConfigurationPlatforms) = preSolution
		Debug|Any CPU = Debug|Any CPU
		Release|Any CPU = Release|Any CPU
	EndGlobalSection
	GlobalSection(ProjectConfigurationPlatforms) = postSolution
		{DDF1112B-26E5-4989-B5B4-E1C535A94C38}.Debug|Any CPU.ActiveCfg = Debug|Any CPU
		{DDF1112B-26E5-4989-B5B4-E1C535A94C38}.Debug|Any CPU.Build.0 = Debug|Any CPU
		{DDF1112B-26E5-4989-B5B4-E1C535A94C38}.Release|Any CPU.ActiveCfg = Release|Any CPU
		{DDF1112B-26E5-4989-B5B4-E1C535A94C38}.Release|Any CPU.Build.0 = Release|Any CPU
	EndGlobalSection
	GlobalSection(SolutionProperties) = preSolution
		HideSolutionNode = FALSE
	EndGlobalSection
	GlobalSection(ExtensibilityGlobals) = postSolution
		SolutionGuid = {67A1F2A7-B6BF-42F5-A292-A2109A754091}
	EndGlobalSection
EndGlobal
